PODS:
  - CometChatCalls (2.1.1)
  - CometChatPro (3.0.6)

DEPENDENCIES:
  - CometChatCalls
  - CometChatPro

SPEC REPOS:
  https://github.com/CocoaPods/Specs.git:
    - CometChatCalls
    - CometChatPro

SPEC CHECKSUMS:
  CometChatCalls: fc68f63e91b117ec5ef5f269dddbeac1ee7bf1a5
  CometChatPro: f725215bb881167b711e442fc8701b30414391b7

PODFILE CHECKSUM: 2a60edf223308167ed67cfa3c80644cf8e6581dd

COCOAPODS: 1.11.2
