PODS:
  - CometChatCalls (2.1.1)
  - CometChatPro (3.0.5)

DEPENDENCIES:
  - CometChatCalls (= 2.1.1)
  - CometChatPro (= 3.0.5)

SPEC REPOS:
  trunk:
    - CometChatCalls
    - CometChatPro

SPEC CHECKSUMS:
  CometChatCalls: fc68f63e91b117ec5ef5f269dddbeac1ee7bf1a5
  CometChatPro: 3a8480985c53bd69b2230b481ae77fab214e2f29

PODFILE CHECKSUM: 1e82e8e617f2422602b81a66277a9ccee8d96ab4

COCOAPODS: 1.11.2
